
Microsoft Visual Studio Solution File, Format Version 12.00
# Visual Studio 15
VisualStudioVersion = 15.0.27130.2027
MinimumVisualStudioVersion = 10.0.40219.1
Project("{8BC9CEB8-8B4A-11D0-8D11-00A0C91BC942}") = "WordListExtractor", "WordListExtractor\WordListExtractor.vcxproj", "{5C40A1C9-30BB-4AF9-AE62-CA6ABBA8321A}"
EndProject
Project("{8BC9CEB8-8B4A-11D0-8D11-00A0C91BC942}") = "PlayingWithWords", "PlayingWithWords\PlayingWithWords.vcxproj", "{62D39A19-8368-44DA-8547-9420515B722D}"
EndProject
Global
	GlobalSection(SolutionConfigurationPlatforms) = preSolution
		Debug|x64 = Debug|x64
		Debug|x86 = Debug|x86
		Release|x64 = Release|x64
		Release|x86 = Release|x86
	EndGlobalSection
	GlobalSection(ProjectConfigurationPlatforms) = postSolution
		{5C40A1C9-30BB-4AF9-AE62-CA6ABBA8321A}.Debug|x64.ActiveCfg = Debug|x64
		{5C40A1C9-30BB-4AF9-AE62-CA6ABBA8321A}.Debug|x64.Build.0 = Debug|x64
		{5C40A1C9-30BB-4AF9-AE62-CA6ABBA8321A}.Debug|x86.ActiveCfg = Debug|Win32
		{5C40A1C9-30BB-4AF9-AE62-CA6ABBA8321A}.Debug|x86.Build.0 = Debug|Win32
		{5C40A1C9-30BB-4AF9-AE62-CA6ABBA8321A}.Release|x64.ActiveCfg = Release|x64
		{5C40A1C9-30BB-4AF9-AE62-CA6ABBA8321A}.Release|x64.Build.0 = Release|x64
		{5C40A1C9-30BB-4AF9-AE62-CA6ABBA8321A}.Release|x86.ActiveCfg = Release|Win32
		{5C40A1C9-30BB-4AF9-AE62-CA6ABBA8321A}.Release|x86.Build.0 = Release|Win32
		{62D39A19-8368-44DA-8547-9420515B722D}.Debug|x64.ActiveCfg = Debug|x64
		{62D39A19-8368-44DA-8547-9420515B722D}.Debug|x64.Build.0 = Debug|x64
		{62D39A19-8368-44DA-8547-9420515B722D}.Debug|x86.ActiveCfg = Debug|Win32
		{62D39A19-8368-44DA-8547-9420515B722D}.Debug|x86.Build.0 = Debug|Win32
		{62D39A19-8368-44DA-8547-9420515B722D}.Release|x64.ActiveCfg = Release|x64
		{62D39A19-8368-44DA-8547-9420515B722D}.Release|x64.Build.0 = Release|x64
		{62D39A19-8368-44DA-8547-9420515B722D}.Release|x86.ActiveCfg = Release|Win32
		{62D39A19-8368-44DA-8547-9420515B722D}.Release|x86.Build.0 = Release|Win32
	EndGlobalSection
	GlobalSection(SolutionProperties) = preSolution
		HideSolutionNode = FALSE
	EndGlobalSection
	GlobalSection(ExtensibilityGlobals) = postSolution
		SolutionGuid = {CC491401-F126-4B5E-845B-4A19744AEAFB}
	EndGlobalSection
EndGlobal
